schema_version: 3.0.0
artifact_type: GLK_METHOD_LOCK
artifact_id: METHOD-LOCK-RUN-001-V1
run_id: RUN-001
graph_id: GRAPH-RUN-001
graph_version: 1
candidate_id: METHOD-GLK-3.0.0
candidate_sha256: "aaaaaaaaaaaaaaaaaaaaaaaaaaaaaaaaaaaaaaaaaaaaaaaaaaaaaaaaaaaaaaaa"
issuer_binding_ref: ROLE-OWNER-GATEWAY-RUN-001
execution_context_ref: CONTEXT-OWNER-GATEWAY-RUN-001
evidence_refs: ["evidence/method-lock-selection.json"]
provenance_ref: attestations/METHOD-LOCK-RUN-001-V1.json
issued_at: "2026-08-03T01:00:00Z"
canonical_repository: https://github.com/DWG7318/large-loop-skill
invocation: graph-loop-skill
commit_sha: "bbbbbbbbbbbbbbbbbbbbbbbbbbbbbbbbbbbbbbbbbbbbbbbbbbbbbbbbbbbbbbbb"
release_tag: v3.0.0
method_version: 3.0.0
schema_bundle_sha256: "cccccccccccccccccccccccccccccccccccccccccccccccccccccccccccccccc"
skill_package_sha256: "dddddddddddddddddddddddddddddddddddddddddddddddddddddddddddddddd"
validator_version: 3.0.0
validator_sha256: "eeeeeeeeeeeeeeeeeeeeeeeeeeeeeeeeeeeeeeeeeeeeeeeeeeeeeeeeeeeeeeee"
adapter_profile_id: PROVENANCE-PROFILE-001
adapter_contract_version: "1.0"
